<?xml version="1.0" encoding="utf-8"?>
<Project ToolsVersion="4.0" xmlns="http://schemas.microsoft.com/developer/msbuild/2003">
  <ItemGroup>
    <Filter Include="BAEKJOON">
      <UniqueIdentifier>{1cfef22c-5761-43dd-9c7a-ce1092cca2ac}</UniqueIdentifier>
    </Filter>
  </ItemGroup>
  <ItemGroup>
    <ClCompile Include="5597.cpp">
      <Filter>BAEKJOON</Filter>
    </ClCompile>
    <ClCompile Include="1546.cpp">
      <Filter>BAEKJOON</Filter>
    </ClCompile>
    <ClCompile Include="3003.cpp">
      <Filter>BAEKJOON</Filter>
    </ClCompile>
    <ClCompile Include="5073.cpp">
      <Filter>BAEKJOON</Filter>
    </ClCompile>
    <ClCompile Include="1157.cpp">
      <Filter>BAEKJOON</Filter>
    </ClCompile>
    <ClCompile Include="2720.cpp">
      <Filter>BAEKJOON</Filter>
    </ClCompile>
    <ClCompile Include="2903.cpp">
      <Filter>BAEKJOON</Filter>
    </ClCompile>
    <ClCompile Include="25206.cpp">
      <Filter>BAEKJOON</Filter>
    </ClCompile>
    <ClCompile Include="1037.cpp">
      <Filter>BAEKJOON</Filter>
    </ClCompile>
    <ClCompile Include="5585.cpp">
      <Filter>BAEKJOON</Filter>
    </ClCompile>
    <ClCompile Include="25192.cpp">
      <Filter>BAEKJOON</Filter>
    </ClCompile>
    <ClCompile Include="2798.cpp">
      <Filter>BAEKJOON</Filter>
    </ClCompile>
    <ClCompile Include="10814.cpp">
      <Filter>BAEKJOON</Filter>
    </ClCompile>
    <ClCompile Include="18870.cpp">
      <Filter>BAEKJOON</Filter>
    </ClCompile>
    <ClCompile Include="11651.cpp">
      <Filter>BAEKJOON</Filter>
    </ClCompile>
    <ClCompile Include="1181.cpp">
      <Filter>BAEKJOON</Filter>
    </ClCompile>
    <ClCompile Include="1427.cpp">
      <Filter>BAEKJOON</Filter>
    </ClCompile>
    <ClCompile Include="26069.cpp">
      <Filter>BAEKJOON</Filter>
    </ClCompile>
    <ClCompile Include="2108.cpp">
      <Filter>BAEKJOON</Filter>
    </ClCompile>
    <ClCompile Include="20920.cpp">
      <Filter>BAEKJOON</Filter>
    </ClCompile>
    <ClCompile Include="2231.cpp">
      <Filter>BAEKJOON</Filter>
    </ClCompile>
    <ClCompile Include="19532.cpp">
      <Filter>BAEKJOON</Filter>
    </ClCompile>
    <ClCompile Include="1085.cpp">
      <Filter>BAEKJOON</Filter>
    </ClCompile>
    <ClCompile Include="28278.cpp">
      <Filter>BAEKJOON</Filter>
    </ClCompile>
    <ClCompile Include="10773.cpp">
      <Filter>BAEKJOON</Filter>
    </ClCompile>
    <ClCompile Include="9012.cpp">
      <Filter>BAEKJOON</Filter>
    </ClCompile>
    <ClCompile Include="4949.cpp">
      <Filter>BAEKJOON</Filter>
    </ClCompile>
    <ClCompile Include="12789.cpp">
      <Filter>BAEKJOON</Filter>
    </ClCompile>
    <ClCompile Include="18258.cpp">
      <Filter>BAEKJOON</Filter>
    </ClCompile>
  </ItemGroup>
</Project>